
Microsoft Visual Studio Solution File, Format Version 12.00
# Visual Studio Version 17
VisualStudioVersion = 17.3.32804.467
MinimumVisualStudioVersion = 10.0.40219.1
Project("{FAE04EC0-301F-11D3-BF4B-00C04F79EFBC}") = "Kruskal's_Algo", "Kruskal's_Algo\Kruskal's_Algo.csproj", "{C867CC63-2233-4DB0-8303-16BF294A2228}"
EndProject
Global
	GlobalSection(SolutionConfigurationPlatforms) = preSolution
		Debug|Any CPU = Debug|Any CPU
		Release|Any CPU = Release|Any CPU
	EndGlobalSection
	GlobalSection(ProjectConfigurationPlatforms) = postSolution
		{C867CC63-2233-4DB0-8303-16BF294A2228}.Debug|Any CPU.ActiveCfg = Debug|Any CPU
		{C867CC63-2233-4DB0-8303-16BF294A2228}.Debug|Any CPU.Build.0 = Debug|Any CPU
		{C867CC63-2233-4DB0-8303-16BF294A2228}.Release|Any CPU.ActiveCfg = Release|Any CPU
		{C867CC63-2233-4DB0-8303-16BF294A2228}.Release|Any CPU.Build.0 = Release|Any CPU
	EndGlobalSection
	GlobalSection(SolutionProperties) = preSolution
		HideSolutionNode = FALSE
	EndGlobalSection
	GlobalSection(ExtensibilityGlobals) = postSolution
		SolutionGuid = {90522537-5E0C-4C7F-9049-7711BD54B89F}
	EndGlobalSection
EndGlobal
